
Microsoft Visual Studio Solution File, Format Version 12.00
# Visual Studio Version 17
VisualStudioVersion = 17.10.35004.147
MinimumVisualStudioVersion = 10.0.40219.1
Project("{FAE04EC0-301F-11D3-BF4B-00C04F79EFBC}") = "EF.ConsoleApp", "EF.ConsoleApp\EF.ConsoleApp.csproj", "{7A321F77-4D8A-4D3D-AD70-5A4E19B32EDC}"
EndProject
Project("{FAE04EC0-301F-11D3-BF4B-00C04F79EFBC}") = "EF.Core", "EF.Core\EF.Core.csproj", "{3DAC128C-5E6B-4312-B3EA-9A85BBF20473}"
EndProject
Global
	GlobalSection(SolutionConfigurationPlatforms) = preSolution
		Debug|Any CPU = Debug|Any CPU
		Release|Any CPU = Release|Any CPU
	EndGlobalSection
	GlobalSection(ProjectConfigurationPlatforms) = postSolution
		{7A321F77-4D8A-4D3D-AD70-5A4E19B32EDC}.Debug|Any CPU.ActiveCfg = Debug|Any CPU
		{7A321F77-4D8A-4D3D-AD70-5A4E19B32EDC}.Debug|Any CPU.Build.0 = Debug|Any CPU
		{7A321F77-4D8A-4D3D-AD70-5A4E19B32EDC}.Release|Any CPU.ActiveCfg = Release|Any CPU
		{7A321F77-4D8A-4D3D-AD70-5A4E19B32EDC}.Release|Any CPU.Build.0 = Release|Any CPU
		{3DAC128C-5E6B-4312-B3EA-9A85BBF20473}.Debug|Any CPU.ActiveCfg = Debug|Any CPU
		{3DAC128C-5E6B-4312-B3EA-9A85BBF20473}.Debug|Any CPU.Build.0 = Debug|Any CPU
		{3DAC128C-5E6B-4312-B3EA-9A85BBF20473}.Release|Any CPU.ActiveCfg = Release|Any CPU
		{3DAC128C-5E6B-4312-B3EA-9A85BBF20473}.Release|Any CPU.Build.0 = Release|Any CPU
	EndGlobalSection
	GlobalSection(SolutionProperties) = preSolution
		HideSolutionNode = FALSE
	EndGlobalSection
	GlobalSection(ExtensibilityGlobals) = postSolution
		SolutionGuid = {69C1BEF3-D13C-4FF3-9F88-3B3F2AB8047D}
	EndGlobalSection
EndGlobal
